// !$*UTF8*$!
{
	archiveVersion = 1;
	classes = {
	};
	objectVersion = 46;
	objects = {

/* Begin PBXBuildFile section */
		D16729371C0E9EB700AC9815 /* AppDelegate.swift in Sources */ = {isa = PBXBuildFile; fileRef = D16729361C0E9EB700AC9815 /* AppDelegate.swift */; };
		D16729391C0E9EB700AC9815 /* ViewController.swift in Sources */ = {isa = PBXBuildFile; fileRef = D16729381C0E9EB700AC9815 /* ViewController.swift */; };
		D167293C1C0E9EB700AC9815 /* Main.storyboard in Resources */ = {isa = PBXBuildFile; fileRef = D167293A1C0E9EB700AC9815 /* Main.storyboard */; };
		D167293E1C0E9EB700AC9815 /* Assets.xcassets in Resources */ = {isa = PBXBuildFile; fileRef = D167293D1C0E9EB700AC9815 /* Assets.xcassets */; };
		D16729411C0E9EB700AC9815 /* LaunchScreen.storyboard in Resources */ = {isa = PBXBuildFile; fileRef = D167293F1C0E9EB700AC9815 /* LaunchScreen.storyboard */; };
/* End PBXBuildFile section */

/* Begin PBXFileReference section */
		D16729331C0E9EB700AC9815 /* superCool.app */ = {isa = PBXFileReference; explicitFileType = wrapper.application; includeInIndex = 0; path = superCool.app; sourceTree = BUILT_PRODUCTS_DIR; };
		D16729361C0E9EB700AC9815 /* AppDelegate.swift */ = {isa = PBXFileReference; lastKnownFileType = sourcecode.swift; path = AppDelegate.swift; sourceTree = "<group>"; };
		D16729381C0E9EB700AC9815 /* ViewController.swift */ = {isa = PBXFileReference; lastKnownFileType = sourcecode.swift; path = ViewController.swift; sourceTree = "<group>"; };
		D167293B1C0E9EB700AC9815 /* Base */ = {isa = PBXFileReference; lastKnownFileType = file.storyboard; name = Base; path = Base.lproj/Main.storyboard; sourceTree = "<group>"; };
		D167293D1C0E9EB700AC9815 /* Assets.xcassets */ = {isa = PBXFileReference; lastKnownFileType = folder.assetcatalog; path = Assets.xcassets; sourceTree = "<group>"; };
		D16729401C0E9EB700AC9815 /* Base */ = {isa = PBXFileReference; lastKnownFileType = file.storyboard; name = Base; path = Base.lproj/LaunchScreen.storyboard; sourceTree = "<group>"; };
		D16729421C0E9EB700AC9815 /* Info.plist */ = {isa = PBXFileReference; lastKnownFileType = text.plist.xml; path = Info.plist; sourceTree = "<group>"; };
/* End PBXFileReference section */

/* Begin PBXFrameworksBuildPhase section */
		D16729301C0E9EB700AC9815 /* Frameworks */ = {
			isa = PBXFrameworksBuildPhase;
			buildActionMask = 2147483647;
			files = (
			);
			runOnlyForDeploymentPostprocessing = 0;
		};
/* End PBXFrameworksBuildPhase section */

/* Begin PBXGroup section */
		D167292A1C0E9EB700AC9815 = {
			isa = PBXGroup;
			children = (
				D16729351C0E9EB700AC9815 /* superCool */,
				D16729341C0E9EB700AC9815 /* Products */,
			);
			sourceTree = "<group>";
		};
		D16729341C0E9EB700AC9815 /* Products */ = {
			isa = PBXGroup;
			children = (
				D16729331C0E9EB700AC9815 /* superCool.app */,
			);
			name = Products;
			sourceTree = "<group>";
		};
		D16729351C0E9EB700AC9815 /* superCool */ = {
			isa = PBXGroup;
			children = (
				D16729361C0E9EB700AC9815 /* AppDelegate.swift */,
				D16729381C0E9EB700AC9815 /* ViewController.swift */,
				D167293A1C0E9EB700AC9815 /* Main.storyboard */,
				D167293D1C0E9EB700AC9815 /* Assets.xcassets */,
				D167293F1C0E9EB700AC9815 /* LaunchScreen.storyboard */,
				D16729421C0E9EB700AC9815 /* Info.plist */,
			);
			path = superCool;
			sourceTree = "<group>";
		};
/* End PBXGroup section */

/* Begin PBXNativeTarget section */
		D16729321C0E9EB700AC9815 /* superCool */ = {
			isa = PBXNativeTarget;
			buildConfigurationList = D16729451C0E9EB700AC9815 /* Build configuration list for PBXNativeTarget "superCool" */;
			buildPhases = (
				D167292F1C0E9EB700AC9815 /* Sources */,
				D16729301C0E9EB700AC9815 /* Frameworks */,
				D16729311C0E9EB700AC9815 /* Resources */,
			);
			buildRules = (
			);
			dependencies = (
			);
			name = superCool;
			productName = superCool;
			productReference = D16729331C0E9EB700AC9815 /* superCool.app */;
			productType = "com.apple.product-type.application";
		};
/* End PBXNativeTarget section */

/* Begin PBXProject section */
		D167292B1C0E9EB700AC9815 /* Project object */ = {
			isa = PBXProject;
			attributes = {
				LastSwiftUpdateCheck = 0720;
				LastUpgradeCheck = 0720;
				ORGANIZATIONNAME = "Bernardo Gonzalez";
				TargetAttributes = {
					D16729321C0E9EB700AC9815 = {
						CreatedOnToolsVersion = 7.2;
						DevelopmentTeam = KEP5CZZDD2;
					};
				};
			};
			buildConfigurationList = D167292E1C0E9EB700AC9815 /* Build configuration list for PBXProject "superCool" */;
			compatibilityVersion = "Xcode 3.2";
			developmentRegion = English;
			hasScannedForEncodings = 0;
			knownRegions = (
				en,
				Base,
			);
			mainGroup = D167292A1C0E9EB700AC9815;
			productRefGroup = D16729341C0E9EB700AC9815 /* Products */;
			projectDirPath = "";
			projectRoot = "";
			targets = (
				D16729321C0E9EB700AC9815 /* superCool */,
			);
		};
/* End PBXProject section */

/* Begin PBXResourcesBuildPhase section */
		D16729311C0E9EB700AC9815 /* Resources */ = {
			isa = PBXResourcesBuildPhase;
			buildActionMask = 2147483647;
			files = (
				D16729411C0E9EB700AC9815 /* LaunchScreen.storyboard in Resources */,
				D167293E1C0E9EB700AC9815 /* Assets.xcassets in Resources */,
				D167293C1C0E9EB700AC9815 /* Main.storyboard in Resources */,
			);
			runOnlyForDeploymentPostprocessing = 0;
		};
/* End PBXResourcesBuildPhase section */

/* Begin PBXSourcesBuildPhase section */
		D167292F1C0E9EB700AC9815 /* Sources */ = {
			isa = PBXSourcesBuildPhase;
			buildActionMask = 2147483647;
			files = (
				D16729391C0E9EB700AC9815 /* ViewController.swift in Sources */,
				D16729371C0E9EB700AC9815 /* AppDelegate.swift in Sources */,
			);
			runOnlyForDeploymentPostprocessing = 0;
		};
/* End PBXSourcesBuildPhase section */

/* Begin PBXVariantGroup section */
		D167293A1C0E9EB700AC9815 /* Main.storyboard */ = {
			isa = PBXVariantGroup;
			children = (
				D167293B1C0E9EB700AC9815 /* Base */,
			);
			name = Main.storyboard;
			sourceTree = "<group>";
		};
		D167293F1C0E9EB700AC9815 /* LaunchScreen.storyboard */ = {
			isa = PBXVariantGroup;
			children = (
				D16729401C0E9EB700AC9815 /* Base */,
			);
			name = LaunchScreen.storyboard;
			sourceTree = "<group>";
		};
/* End PBXVariantGroup section */

/* Begin XCBuildConfiguration section */
		D16729431C0E9EB700AC9815 /* Debug */ = {
			isa = XCBuildConfiguration;
			buildSettings = {
				ALWAYS_SEARCH_USER_PATHS = NO;
				CLANG_CXX_LANGUAGE_STANDARD = "gnu++0x";
				CLANG_CXX_LIBRARY = "libc++";
				CLANG_ENABLE_MODULES = YES;
				CLANG_ENABLE_OBJC_ARC = YES;
				CLANG_WARN_BOOL_CONVERSION = YES;
				CLANG_WARN_CONSTANT_CONVERSION = YES;
				CLANG_WARN_DIRECT_OBJC_ISA_USAGE = YES_ERROR;
				CLANG_WARN_EMPTY_BODY = YES;
				CLANG_WARN_ENUM_CONVERSION = YES;
				CLANG_WARN_INT_CONVERSION = YES;
				CLANG_WARN_OBJC_ROOT_CLASS = YES_ERROR;
				CLANG_WARN_UNREACHABLE_CODE = YES;
				CLANG_WARN__DUPLICATE_METHOD_MATCH = YES;
				"CODE_SIGN_IDENTITY[sdk=iphoneos*]" = "iPhone Developer";
				COPY_PHASE_STRIP = NO;
				DEBUG_INFORMATION_FORMAT = dwarf;
				ENABLE_STRICT_OBJC_MSGSEND = YES;
				ENABLE_TESTABILITY = YES;
				GCC_C_LANGUAGE_STANDARD = gnu99;
				GCC_DYNAMIC_NO_PIC = NO;
				GCC_NO_COMMON_BLOCKS = YES;
				GCC_OPTIMIZATION_LEVEL = 0;
				GCC_PREPROCESSOR_DEFINITIONS = (
					"DEBUG=1",
					"$(inherited)",
				);
				GCC_WARN_64_TO_32_BIT_CONVERSION = YES;
				GCC_WARN_ABOUT_RETURN_TYPE = YES_ERROR;
				GCC_WARN_UNDECLARED_SELECTOR = YES;
				GCC_WARN_UNINITIALIZED_AUTOS = YES_AGGRESSIVE;
				GCC_WARN_UNUSED_FUNCTION = YES;
				GCC_WARN_UNUSED_VARIABLE = YES;
				IPHONEOS_DEPLOYMENT_TARGET = 9.2;
				MTL_ENABLE_DEBUG_INFO = YES;
				ONLY_ACTIVE_ARCH = YES;
				SDKROOT = iphoneos;
				SWIFT_OPTIMIZATION_LEVEL = "-Onone";
			};
			name = Debug;
		};
		D16729441C0E9EB700AC9815 /* Release */ = {
			isa = XCBuildConfiguration;
			buildSettings = {
				ALWAYS_SEARCH_USER_PATHS = NO;
				CLANG_CXX_LANGUAGE_STANDARD = "gnu++0x";
				CLANG_CXX_LIBRARY = "libc++";
				CLANG_ENABLE_MODULES = YES;
				CLANG_ENABLE_OBJC_ARC = YES;
				CLANG_WARN_BOOL_CONVERSION = YES;
				CLANG_WARN_CONSTANT_CONVERSION = YES;
				CLANG_WARN_DIRECT_OBJC_ISA_USAGE = YES_ERROR;
				CLANG_WARN_EMPTY_BODY = YES;
				CLANG_WARN_ENUM_CONVERSION = YES;
				CLANG_WARN_INT_CONVERSION = YES;
				CLANG_WARN_OBJC_ROOT_CLASS = YES_ERROR;
				CLANG_WARN_UNREACHABLE_CODE = YES;
				CLANG_WARN__DUPLICATE_METHOD_MATCH = YES;
				"CODE_SIGN_IDENTITY[sdk=iphoneos*]" = "iPhone Developer";
				COPY_PHASE_STRIP = NO;
				DEBUG_INFORMATION_FORMAT = "dwarf-with-dsym";
				ENABLE_NS_ASSERTIONS = NO;
				ENABLE_STRICT_OBJC_MSGSEND = YES;
				GCC_C_LANGUAGE_STANDARD = gnu99;
				GCC_NO_COMMON_BLOCKS = YES;
				GCC_WARN_64_TO_32_BIT_CONVERSION = YES;
				GCC_WARN_ABOUT_RETURN_TYPE = YES_ERROR;
				GCC_WARN_UNDECLARED_SELECTOR = YES;
				GCC_WARN_UNINITIALIZED_AUTOS = YES_AGGRESSIVE;
				GCC_WARN_UNUSED_FUNCTION = YES;
				GCC_WARN_UNUSED_VARIABLE = YES;
				IPHONEOS_DEPLOYMENT_TARGET = 9.2;
				MTL_ENABLE_DEBUG_INFO = NO;
				SDKROOT = iphoneos;
				VALIDATE_PRODUCT = YES;
			};
			name = Release;
		};
		D16729461C0E9EB700AC9815 /* Debug */ = {
			isa = XCBuildConfiguration;
			buildSettings = {
				ASSETCATALOG_COMPILER_APPICON_NAME = AppIcon;
				CODE_SIGN_IDENTITY = "iPhone Developer";
				INFOPLIST_FILE = superCool/Info.plist;
				LD_RUNPATH_SEARCH_PATHS = "$(inherited) @executable_path/Frameworks";
				PRODUCT_BUNDLE_IDENTIFIER = com.bernardo.superCool;
				PRODUCT_NAME = "$(TARGET_NAME)";
			};
			name = Debug;
		};
		D16729471C0E9EB700AC9815 /* Release */ = {
			isa = XCBuildConfiguration;
			buildSettings = {
				ASSETCATALOG_COMPILER_APPICON_NAME = AppIcon;
				CODE_SIGN_IDENTITY = "iPhone Developer";
				INFOPLIST_FILE = superCool/Info.plist;
				LD_RUNPATH_SEARCH_PATHS = "$(inherited) @executable_path/Frameworks";
				PRODUCT_BUNDLE_IDENTIFIER = com.bernardo.superCool;
				PRODUCT_NAME = "$(TARGET_NAME)";
			};
			name = Release;
		};
/* End XCBuildConfiguration section */

/* Begin XCConfigurationList section */
		D167292E1C0E9EB700AC9815 /* Build configuration list for PBXProject "superCool" */ = {
			isa = XCConfigurationList;
			buildConfigurations = (
				D16729431C0E9EB700AC9815 /* Debug */,
				D16729441C0E9EB700AC9815 /* Release */,
			);
			defaultConfigurationIsVisible = 0;
			defaultConfigurationName = Release;
		};
		D16729451C0E9EB700AC9815 /* Build configuration list for PBXNativeTarget "superCool" */ = {
			isa = XCConfigurationList;
			buildConfigurations = (
				D16729461C0E9EB700AC9815 /* Debug */,
				D16729471C0E9EB700AC9815 /* Release */,
			);
			defaultConfigurationIsVisible = 0;
		};
/* End XCConfigurationList section */
	};
	rootObject = D167292B1C0E9EB700AC9815 /* Project object */;
}
